
Microsoft Visual Studio Solution File, Format Version 12.00
# Visual Studio Version 17
VisualStudioVersion = 17.9.34728.123
MinimumVisualStudioVersion = 10.0.40219.1
Project("{FAE04EC0-301F-11D3-BF4B-00C04F79EFBC}") = "Elasticsearch.API", "Elasticsearch.API\Elasticsearch.API.csproj", "{977A97F3-CE14-46B4-AEDF-5E789D161F83}"
EndProject
Global
	GlobalSection(SolutionConfigurationPlatforms) = preSolution
		Debug|Any CPU = Debug|Any CPU
		Release|Any CPU = Release|Any CPU
	EndGlobalSection
	GlobalSection(ProjectConfigurationPlatforms) = postSolution
		{977A97F3-CE14-46B4-AEDF-5E789D161F83}.Debug|Any CPU.ActiveCfg = Debug|Any CPU
		{977A97F3-CE14-46B4-AEDF-5E789D161F83}.Debug|Any CPU.Build.0 = Debug|Any CPU
		{977A97F3-CE14-46B4-AEDF-5E789D161F83}.Release|Any CPU.ActiveCfg = Release|Any CPU
		{977A97F3-CE14-46B4-AEDF-5E789D161F83}.Release|Any CPU.Build.0 = Release|Any CPU
	EndGlobalSection
	GlobalSection(SolutionProperties) = preSolution
		HideSolutionNode = FALSE
	EndGlobalSection
	GlobalSection(ExtensibilityGlobals) = postSolution
		SolutionGuid = {C53206C4-9FA5-40A8-A059-A99A07D72AF7}
	EndGlobalSection
EndGlobal
